
Microsoft Visual Studio Solution File, Format Version 12.00
# Visual Studio Version 17
VisualStudioVersion = 17.14.36301.6
MinimumVisualStudioVersion = 10.0.40219.1
Project("{FAE04EC0-301F-11D3-BF4B-00C04F79EFBC}") = "DemoThreeJs", "DemoThreeJs\DemoThreeJs.csproj", "{FEB27FBA-44B6-4AF6-B18A-06401310F64D}"
EndProject
Project("{FAE04EC0-301F-11D3-BF4B-00C04F79EFBC}") = "ThreejsJsonObject", "ThreejsJsonObject\ThreejsJsonObject.csproj", "{4FA63EF8-BFF0-485E-91D7-35FF93C4B4DD}"
EndProject
Global
	GlobalSection(SolutionConfigurationPlatforms) = preSolution
		Debug|Any CPU = Debug|Any CPU
		Release|Any CPU = Release|Any CPU
	EndGlobalSection
	GlobalSection(ProjectConfigurationPlatforms) = postSolution
		{FEB27FBA-44B6-4AF6-B18A-06401310F64D}.Debug|Any CPU.ActiveCfg = Debug|Any CPU
		{FEB27FBA-44B6-4AF6-B18A-06401310F64D}.Debug|Any CPU.Build.0 = Debug|Any CPU
		{FEB27FBA-44B6-4AF6-B18A-06401310F64D}.Release|Any CPU.ActiveCfg = Release|Any CPU
		{FEB27FBA-44B6-4AF6-B18A-06401310F64D}.Release|Any CPU.Build.0 = Release|Any CPU
		{4FA63EF8-BFF0-485E-91D7-35FF93C4B4DD}.Debug|Any CPU.ActiveCfg = Debug|Any CPU
		{4FA63EF8-BFF0-485E-91D7-35FF93C4B4DD}.Debug|Any CPU.Build.0 = Debug|Any CPU
		{4FA63EF8-BFF0-485E-91D7-35FF93C4B4DD}.Release|Any CPU.ActiveCfg = Release|Any CPU
		{4FA63EF8-BFF0-485E-91D7-35FF93C4B4DD}.Release|Any CPU.Build.0 = Release|Any CPU
	EndGlobalSection
	GlobalSection(SolutionProperties) = preSolution
		HideSolutionNode = FALSE
	EndGlobalSection
	GlobalSection(ExtensibilityGlobals) = postSolution
		SolutionGuid = {12CCCABF-651D-4246-8292-DB6E7B128BE7}
	EndGlobalSection
EndGlobal
